
Microsoft Visual Studio Solution File, Format Version 12.00
# Visual Studio Version 17
VisualStudioVersion = 17.0.31903.59
MinimumVisualStudioVersion = 10.0.40219.1
Project("{2150E333-8FDC-42A3-9474-1A3956D46DE8}") = "src", "src", "{827E0CD3-B72D-47B6-A68D-7590B98EB39B}"
EndProject
Project("{2150E333-8FDC-42A3-9474-1A3956D46DE8}") = "tests", "tests", "{A1B2C3D4-E5F6-4789-ABCD-EF0123456789}"
EndProject
Project("{FAE04EC0-301F-11D3-BF4B-00C04F79EFBC}") = "Elogio.Persistence", "src\Elogio.Persistence\Elogio.Persistence.csproj", "{C1D2E3F4-A5B6-4789-CDEF-012345678901}"
EndProject
Project("{FAE04EC0-301F-11D3-BF4B-00C04F79EFBC}") = "Elogio", "src\Elogio\Elogio.csproj", "{BA333C9F-3C37-4962-8814-8432713D521E}"
EndProject
Project("{FAE04EC0-301F-11D3-BF4B-00C04F79EFBC}") = "Elogio.Persistence.Tests", "tests\Elogio.Persistence.Tests\Elogio.Persistence.Tests.csproj", "{D2E3F4A5-B6C7-4890-DEF0-123456789012}"
EndProject
Global
	GlobalSection(SolutionConfigurationPlatforms) = preSolution
		Debug|Any CPU = Debug|Any CPU
		Debug|x64 = Debug|x64
		Debug|x86 = Debug|x86
		Release|Any CPU = Release|Any CPU
		Release|x64 = Release|x64
		Release|x86 = Release|x86
	EndGlobalSection
	GlobalSection(ProjectConfigurationPlatforms) = postSolution
		{C1D2E3F4-A5B6-4789-CDEF-012345678901}.Debug|Any CPU.ActiveCfg = Debug|Any CPU
		{C1D2E3F4-A5B6-4789-CDEF-012345678901}.Debug|Any CPU.Build.0 = Debug|Any CPU
		{C1D2E3F4-A5B6-4789-CDEF-012345678901}.Debug|x64.ActiveCfg = Debug|Any CPU
		{C1D2E3F4-A5B6-4789-CDEF-012345678901}.Debug|x64.Build.0 = Debug|Any CPU
		{C1D2E3F4-A5B6-4789-CDEF-012345678901}.Debug|x86.ActiveCfg = Debug|Any CPU
		{C1D2E3F4-A5B6-4789-CDEF-012345678901}.Debug|x86.Build.0 = Debug|Any CPU
		{C1D2E3F4-A5B6-4789-CDEF-012345678901}.Release|Any CPU.ActiveCfg = Release|Any CPU
		{C1D2E3F4-A5B6-4789-CDEF-012345678901}.Release|Any CPU.Build.0 = Release|Any CPU
		{C1D2E3F4-A5B6-4789-CDEF-012345678901}.Release|x64.ActiveCfg = Release|Any CPU
		{C1D2E3F4-A5B6-4789-CDEF-012345678901}.Release|x64.Build.0 = Release|Any CPU
		{C1D2E3F4-A5B6-4789-CDEF-012345678901}.Release|x86.ActiveCfg = Release|Any CPU
		{C1D2E3F4-A5B6-4789-CDEF-012345678901}.Release|x86.Build.0 = Release|Any CPU
		{BA333C9F-3C37-4962-8814-8432713D521E}.Debug|Any CPU.ActiveCfg = Debug|Any CPU
		{BA333C9F-3C37-4962-8814-8432713D521E}.Debug|Any CPU.Build.0 = Debug|Any CPU
		{BA333C9F-3C37-4962-8814-8432713D521E}.Debug|x64.ActiveCfg = Debug|Any CPU
		{BA333C9F-3C37-4962-8814-8432713D521E}.Debug|x64.Build.0 = Debug|Any CPU
		{BA333C9F-3C37-4962-8814-8432713D521E}.Debug|x86.ActiveCfg = Debug|Any CPU
		{BA333C9F-3C37-4962-8814-8432713D521E}.Debug|x86.Build.0 = Debug|Any CPU
		{BA333C9F-3C37-4962-8814-8432713D521E}.Release|Any CPU.ActiveCfg = Release|Any CPU
		{BA333C9F-3C37-4962-8814-8432713D521E}.Release|Any CPU.Build.0 = Release|Any CPU
		{BA333C9F-3C37-4962-8814-8432713D521E}.Release|x64.ActiveCfg = Release|Any CPU
		{BA333C9F-3C37-4962-8814-8432713D521E}.Release|x64.Build.0 = Release|Any CPU
		{BA333C9F-3C37-4962-8814-8432713D521E}.Release|x86.ActiveCfg = Release|Any CPU
		{BA333C9F-3C37-4962-8814-8432713D521E}.Release|x86.Build.0 = Release|Any CPU
		{D2E3F4A5-B6C7-4890-DEF0-123456789012}.Debug|Any CPU.ActiveCfg = Debug|Any CPU
		{D2E3F4A5-B6C7-4890-DEF0-123456789012}.Debug|Any CPU.Build.0 = Debug|Any CPU
		{D2E3F4A5-B6C7-4890-DEF0-123456789012}.Debug|x64.ActiveCfg = Debug|Any CPU
		{D2E3F4A5-B6C7-4890-DEF0-123456789012}.Debug|x64.Build.0 = Debug|Any CPU
		{D2E3F4A5-B6C7-4890-DEF0-123456789012}.Debug|x86.ActiveCfg = Debug|Any CPU
		{D2E3F4A5-B6C7-4890-DEF0-123456789012}.Debug|x86.Build.0 = Debug|Any CPU
		{D2E3F4A5-B6C7-4890-DEF0-123456789012}.Release|Any CPU.ActiveCfg = Release|Any CPU
		{D2E3F4A5-B6C7-4890-DEF0-123456789012}.Release|Any CPU.Build.0 = Release|Any CPU
		{D2E3F4A5-B6C7-4890-DEF0-123456789012}.Release|x64.ActiveCfg = Release|Any CPU
		{D2E3F4A5-B6C7-4890-DEF0-123456789012}.Release|x64.Build.0 = Release|Any CPU
		{D2E3F4A5-B6C7-4890-DEF0-123456789012}.Release|x86.ActiveCfg = Release|Any CPU
		{D2E3F4A5-B6C7-4890-DEF0-123456789012}.Release|x86.Build.0 = Release|Any CPU
	EndGlobalSection
	GlobalSection(SolutionProperties) = preSolution
		HideSolutionNode = FALSE
	EndGlobalSection
	GlobalSection(NestedProjects) = preSolution
		{C1D2E3F4-A5B6-4789-CDEF-012345678901} = {827E0CD3-B72D-47B6-A68D-7590B98EB39B}
		{BA333C9F-3C37-4962-8814-8432713D521E} = {827E0CD3-B72D-47B6-A68D-7590B98EB39B}
		{D2E3F4A5-B6C7-4890-DEF0-123456789012} = {A1B2C3D4-E5F6-4789-ABCD-EF0123456789}
	EndGlobalSection
EndGlobal
